{
  "originHash" : "1cb2daa5f40363de48ad9f69ddbfe699d40ae38efc3f450783104d690266e9bc",
  "pins" : [
    {
      "identity" : "sentry-cocoa",
      "kind" : "remoteSourceControl",
      "location" : "https://github.com/getsentry/sentry-cocoa.git",
      "state" : {
        "revision" : "3c2eee7773df58bdfb9e10e72d9a4be44253e0d9",
        "version" : "8.55.0"
      }
    },
    {
      "identity" : "sqlite.swift",
      "kind" : "remoteSourceControl",
      "location" : "https://github.com/stephencelis/SQLite.swift.git",
      "state" : {
        "revision" : "a95fc6df17d108bd99210db5e8a9bac90fe984b8",
        "version" : "0.15.3"
      }
    },
    {
      "identity" : "sqlitemigrationmanager.swift",
      "kind" : "remoteSourceControl",
      "location" : "https://github.com/garriguv/SQLiteMigrationManager.swift.git",
      "state" : {
        "revision" : "42281bf1111a4bba144c5ba138724514383ff3ab",
        "version" : "0.8.3"
      }
    }
  ],
  "version" : 3
}
