// !$*UTF8*$!
{
	archiveVersion = 1;
	classes = {
	};
	objectVersion = 77;
	objects = {

/* Begin PBXBuildFile section */
		532F3AEB2DEB68C7006E0E40 /* SQLite in Frameworks */ = {isa = PBXBuildFile; productRef = 532F3AEA2DEB68C7006E0E40 /* SQLite */; };
		533B86FB2E58F7A300362B49 /* SentrySwiftUI in Frameworks */ = {isa = PBXBuildFile; productRef = 533B86FA2E58F7A300362B49 /* SentrySwiftUI */; };
		538BFA8D2E3A3C0A0064A6A5 /* H3 in Frameworks */ = {isa = PBXBuildFile; productRef = 538BFA8C2E3A3C0A0064A6A5 /* H3 */; };
		53E1F2FF2E05E3FA00A6D888 /* SQLiteMigrationManager in Frameworks */ = {isa = PBXBuildFile; productRef = 53E1F2FE2E05E3FA00A6D888 /* SQLiteMigrationManager */; };
/* End PBXBuildFile section */

/* Begin PBXContainerItemProxy section */
		53E142032E8C56D400723D0D /* PBXContainerItemProxy */ = {
			isa = PBXContainerItemProxy;
			containerPortal = 53D57B422D79E2A20094740D /* Project object */;
			proxyType = 1;
			remoteGlobalIDString = 53D57B492D79E2A20094740D;
			remoteInfo = "Nidus Notes";
		};
/* End PBXContainerItemProxy section */

/* Begin PBXFileReference section */
		532F3AD82DE76EF8006E0E40 /* Nidus-Notes-Info.plist */ = {isa = PBXFileReference; lastKnownFileType = text.plist; path = "Nidus-Notes-Info.plist"; sourceTree = "<group>"; };
		53D57B4A2D79E2A20094740D /* Nidus Notes.app */ = {isa = PBXFileReference; explicitFileType = wrapper.application; includeInIndex = 0; path = "Nidus Notes.app"; sourceTree = BUILT_PRODUCTS_DIR; };
		53E141FF2E8C56D400723D0D /* Nidus Notes Unit Tests.xctest */ = {isa = PBXFileReference; explicitFileType = wrapper.cfbundle; includeInIndex = 0; path = "Nidus Notes Unit Tests.xctest"; sourceTree = BUILT_PRODUCTS_DIR; };
/* End PBXFileReference section */

/* Begin PBXFileSystemSynchronizedRootGroup section */
		538BFC6E2E3C36650064A6A5 /* Nidus */ = {
			isa = PBXFileSystemSynchronizedRootGroup;
			path = Nidus;
			sourceTree = "<group>";
		};
		53E142002E8C56D400723D0D /* Nidus Notes Unit Tests */ = {
			isa = PBXFileSystemSynchronizedRootGroup;
			path = "Nidus Notes Unit Tests";
			sourceTree = "<group>";
		};
/* End PBXFileSystemSynchronizedRootGroup section */

/* Begin PBXFrameworksBuildPhase section */
		53D57B472D79E2A20094740D /* Frameworks */ = {
			isa = PBXFrameworksBuildPhase;
			buildActionMask = 2147483647;
			files = (
				532F3AEB2DEB68C7006E0E40 /* SQLite in Frameworks */,
				533B86FB2E58F7A300362B49 /* SentrySwiftUI in Frameworks */,
				538BFA8D2E3A3C0A0064A6A5 /* H3 in Frameworks */,
				53E1F2FF2E05E3FA00A6D888 /* SQLiteMigrationManager in Frameworks */,
			);
			runOnlyForDeploymentPostprocessing = 0;
		};
		53E141FC2E8C56D400723D0D /* Frameworks */ = {
			isa = PBXFrameworksBuildPhase;
			buildActionMask = 2147483647;
			files = (
			);
			runOnlyForDeploymentPostprocessing = 0;
		};
/* End PBXFrameworksBuildPhase section */

/* Begin PBXGroup section */
		53D57B412D79E2A20094740D = {
			isa = PBXGroup;
			children = (
				532F3AD82DE76EF8006E0E40 /* Nidus-Notes-Info.plist */,
				538BFC6E2E3C36650064A6A5 /* Nidus */,
				53E142002E8C56D400723D0D /* Nidus Notes Unit Tests */,
				53D57B4B2D79E2A20094740D /* Products */,
			);
			sourceTree = "<group>";
		};
		53D57B4B2D79E2A20094740D /* Products */ = {
			isa = PBXGroup;
			children = (
				53D57B4A2D79E2A20094740D /* Nidus Notes.app */,
				53E141FF2E8C56D400723D0D /* Nidus Notes Unit Tests.xctest */,
			);
			name = Products;
			sourceTree = "<group>";
		};
/* End PBXGroup section */

/* Begin PBXNativeTarget section */
		53D57B492D79E2A20094740D /* Nidus Notes */ = {
			isa = PBXNativeTarget;
			buildConfigurationList = 53D57B6F2D79E2A30094740D /* Build configuration list for PBXNativeTarget "Nidus Notes" */;
			buildPhases = (
				53D57B462D79E2A20094740D /* Sources */,
				53D57B472D79E2A20094740D /* Frameworks */,
				53D57B482D79E2A20094740D /* Resources */,
				53A45FB42E593ECF0014DE7F /* ShellScript */,
			);
			buildRules = (
			);
			dependencies = (
			);
			fileSystemSynchronizedGroups = (
				538BFC6E2E3C36650064A6A5 /* Nidus */,
			);
			name = "Nidus Notes";
			packageProductDependencies = (
				532F3AEA2DEB68C7006E0E40 /* SQLite */,
				53E1F2FE2E05E3FA00A6D888 /* SQLiteMigrationManager */,
				538BFA8C2E3A3C0A0064A6A5 /* H3 */,
				533B86FA2E58F7A300362B49 /* SentrySwiftUI */,
			);
			productName = Nidus;
			productReference = 53D57B4A2D79E2A20094740D /* Nidus Notes.app */;
			productType = "com.apple.product-type.application";
		};
		53E141FE2E8C56D400723D0D /* Nidus Notes Unit Tests */ = {
			isa = PBXNativeTarget;
			buildConfigurationList = 53E142052E8C56D400723D0D /* Build configuration list for PBXNativeTarget "Nidus Notes Unit Tests" */;
			buildPhases = (
				53E141FB2E8C56D400723D0D /* Sources */,
				53E141FC2E8C56D400723D0D /* Frameworks */,
				53E141FD2E8C56D400723D0D /* Resources */,
			);
			buildRules = (
			);
			dependencies = (
				53E142042E8C56D400723D0D /* PBXTargetDependency */,
			);
			fileSystemSynchronizedGroups = (
				53E142002E8C56D400723D0D /* Nidus Notes Unit Tests */,
			);
			name = "Nidus Notes Unit Tests";
			packageProductDependencies = (
			);
			productName = "Nidus Notes Unit Tests";
			productReference = 53E141FF2E8C56D400723D0D /* Nidus Notes Unit Tests.xctest */;
			productType = "com.apple.product-type.bundle.unit-test";
		};
/* End PBXNativeTarget section */

/* Begin PBXProject section */
		53D57B422D79E2A20094740D /* Project object */ = {
			isa = PBXProject;
			attributes = {
				BuildIndependentTargetsInParallel = 1;
				LastSwiftUpdateCheck = 1620;
				LastUpgradeCheck = 1620;
				TargetAttributes = {
					53D57B492D79E2A20094740D = {
						CreatedOnToolsVersion = 16.2;
					};
					53E141FE2E8C56D400723D0D = {
						CreatedOnToolsVersion = 16.2;
						TestTargetID = 53D57B492D79E2A20094740D;
					};
				};
			};
			buildConfigurationList = 53D57B452D79E2A20094740D /* Build configuration list for PBXProject "Nidus Notes" */;
			developmentRegion = en;
			hasScannedForEncodings = 0;
			knownRegions = (
				en,
				Base,
			);
			mainGroup = 53D57B412D79E2A20094740D;
			minimizedProjectReferenceProxies = 1;
			packageReferences = (
				532F3AE92DEB68C7006E0E40 /* XCRemoteSwiftPackageReference "SQLite.swift" */,
				53E1F2FD2E05E3FA00A6D888 /* XCRemoteSwiftPackageReference "SQLiteMigrationManager.swift" */,
				538BFA8B2E3A3C0A0064A6A5 /* XCLocalSwiftPackageReference "../swift-h3" */,
				533B86F32E58F7A300362B49 /* XCRemoteSwiftPackageReference "sentry-cocoa" */,
			);
			preferredProjectObjectVersion = 77;
			productRefGroup = 53D57B4B2D79E2A20094740D /* Products */;
			projectDirPath = "";
			projectRoot = "";
			targets = (
				53D57B492D79E2A20094740D /* Nidus Notes */,
				53E141FE2E8C56D400723D0D /* Nidus Notes Unit Tests */,
			);
		};
/* End PBXProject section */

/* Begin PBXResourcesBuildPhase section */
		53D57B482D79E2A20094740D /* Resources */ = {
			isa = PBXResourcesBuildPhase;
			buildActionMask = 2147483647;
			files = (
			);
			runOnlyForDeploymentPostprocessing = 0;
		};
		53E141FD2E8C56D400723D0D /* Resources */ = {
			isa = PBXResourcesBuildPhase;
			buildActionMask = 2147483647;
			files = (
			);
			runOnlyForDeploymentPostprocessing = 0;
		};
/* End PBXResourcesBuildPhase section */

/* Begin PBXShellScriptBuildPhase section */
		53A45FB42E593ECF0014DE7F /* ShellScript */ = {
			isa = PBXShellScriptBuildPhase;
			alwaysOutOfDate = 1;
			buildActionMask = 8;
			files = (
			);
			inputFileListPaths = (
			);
			inputPaths = (
				"${DWARF_DSYM_FOLDER_PATH}/${DWARF_DSYM_FILE_NAME}/Contents/Resources/DWARF/${TARGET_NAME}",
			);
			outputFileListPaths = (
			);
			outputPaths = (
			);
			runOnlyForDeploymentPostprocessing = 1;
			shellPath = /bin/sh;
			shellScript = "if [[ \"$(uname -m)\" == arm64 ]]; then\n    export PATH=\"/opt/homebrew/bin:$PATH\"\nfi\n\nif which sentry-cli >/dev/null; then\nexport SENTRY_ORG=gleipnir-llc\nexport SENTRY_PROJECT=nidus-ios\nexport SENTRY_URL=https://glitchtip.gleipnir.technology/\nexport SENTRY_LOG_LEVEL=debug\nexport SENTRY_AUTH_TOKEN=4c7b6c5f03fb24cca489abe73eb7af80e203816312131eeb550f185ff3e15d24\nERROR=$(sentry-cli debug-files upload \\\n--include-sources \\\n\"$DWARF_DSYM_FOLDER_PATH\" 2>&1 >/dev/null)\nif [ ! $? -eq 0 ]; then\necho \"warning: sentry-cli - $ERROR\"\nfi\nelse\necho \"warning: sentry-cli not installed, download from https://github.com/getsentry/sentry-cli/releases\"\nfi\n";
		};
/* End PBXShellScriptBuildPhase section */

/* Begin PBXSourcesBuildPhase section */
		53D57B462D79E2A20094740D /* Sources */ = {
			isa = PBXSourcesBuildPhase;
			buildActionMask = 2147483647;
			files = (
			);
			runOnlyForDeploymentPostprocessing = 0;
		};
		53E141FB2E8C56D400723D0D /* Sources */ = {
			isa = PBXSourcesBuildPhase;
			buildActionMask = 2147483647;
			files = (
			);
			runOnlyForDeploymentPostprocessing = 0;
		};
/* End PBXSourcesBuildPhase section */

/* Begin PBXTargetDependency section */
		53E142042E8C56D400723D0D /* PBXTargetDependency */ = {
			isa = PBXTargetDependency;
			target = 53D57B492D79E2A20094740D /* Nidus Notes */;
			targetProxy = 53E142032E8C56D400723D0D /* PBXContainerItemProxy */;
		};
/* End PBXTargetDependency section */

/* Begin XCBuildConfiguration section */
		53D57B6D2D79E2A30094740D /* Debug */ = {
			isa = XCBuildConfiguration;
			buildSettings = {
				ALWAYS_SEARCH_USER_PATHS = NO;
				ASSETCATALOG_COMPILER_GENERATE_SWIFT_ASSET_SYMBOL_EXTENSIONS = YES;
				CLANG_ANALYZER_NONNULL = YES;
				CLANG_ANALYZER_NUMBER_OBJECT_CONVERSION = YES_AGGRESSIVE;
				CLANG_CXX_LANGUAGE_STANDARD = "gnu++20";
				CLANG_ENABLE_MODULES = YES;
				CLANG_ENABLE_OBJC_ARC = YES;
				CLANG_ENABLE_OBJC_WEAK = YES;
				CLANG_WARN_BLOCK_CAPTURE_AUTORELEASING = YES;
				CLANG_WARN_BOOL_CONVERSION = YES;
				CLANG_WARN_COMMA = YES;
				CLANG_WARN_CONSTANT_CONVERSION = YES;
				CLANG_WARN_DEPRECATED_OBJC_IMPLEMENTATIONS = YES;
				CLANG_WARN_DIRECT_OBJC_ISA_USAGE = YES_ERROR;
				CLANG_WARN_DOCUMENTATION_COMMENTS = YES;
				CLANG_WARN_EMPTY_BODY = YES;
				CLANG_WARN_ENUM_CONVERSION = YES;
				CLANG_WARN_INFINITE_RECURSION = YES;
				CLANG_WARN_INT_CONVERSION = YES;
				CLANG_WARN_NON_LITERAL_NULL_CONVERSION = YES;
				CLANG_WARN_OBJC_IMPLICIT_RETAIN_SELF = YES;
				CLANG_WARN_OBJC_LITERAL_CONVERSION = YES;
				CLANG_WARN_OBJC_ROOT_CLASS = YES_ERROR;
				CLANG_WARN_QUOTED_INCLUDE_IN_FRAMEWORK_HEADER = YES;
				CLANG_WARN_RANGE_LOOP_ANALYSIS = YES;
				CLANG_WARN_STRICT_PROTOTYPES = YES;
				CLANG_WARN_SUSPICIOUS_MOVE = YES;
				CLANG_WARN_UNGUARDED_AVAILABILITY = YES_AGGRESSIVE;
				CLANG_WARN_UNREACHABLE_CODE = YES;
				CLANG_WARN__DUPLICATE_METHOD_MATCH = YES;
				COPY_PHASE_STRIP = NO;
				DEAD_CODE_STRIPPING = YES;
				DEBUG_INFORMATION_FORMAT = dwarf;
				ENABLE_STRICT_OBJC_MSGSEND = YES;
				ENABLE_TESTABILITY = YES;
				ENABLE_USER_SCRIPT_SANDBOXING = YES;
				GCC_C_LANGUAGE_STANDARD = gnu17;
				GCC_DYNAMIC_NO_PIC = NO;
				GCC_NO_COMMON_BLOCKS = YES;
				GCC_OPTIMIZATION_LEVEL = 0;
				GCC_PREPROCESSOR_DEFINITIONS = (
					"DEBUG=1",
					"$(inherited)",
				);
				GCC_WARN_64_TO_32_BIT_CONVERSION = YES;
				GCC_WARN_ABOUT_RETURN_TYPE = YES_ERROR;
				GCC_WARN_UNDECLARED_SELECTOR = YES;
				GCC_WARN_UNINITIALIZED_AUTOS = YES_AGGRESSIVE;
				GCC_WARN_UNUSED_FUNCTION = YES;
				GCC_WARN_UNUSED_VARIABLE = YES;
				LOCALIZATION_PREFERS_STRING_CATALOGS = YES;
				MTL_ENABLE_DEBUG_INFO = INCLUDE_SOURCE;
				MTL_FAST_MATH = YES;
				ONLY_ACTIVE_ARCH = YES;
				SWIFT_ACTIVE_COMPILATION_CONDITIONS = "DEBUG $(inherited)";
				SWIFT_OPTIMIZATION_LEVEL = "-Onone";
			};
			name = Debug;
		};
		53D57B6E2D79E2A30094740D /* Release */ = {
			isa = XCBuildConfiguration;
			buildSettings = {
				ALWAYS_SEARCH_USER_PATHS = NO;
				ASSETCATALOG_COMPILER_GENERATE_SWIFT_ASSET_SYMBOL_EXTENSIONS = YES;
				CLANG_ANALYZER_NONNULL = YES;
				CLANG_ANALYZER_NUMBER_OBJECT_CONVERSION = YES_AGGRESSIVE;
				CLANG_CXX_LANGUAGE_STANDARD = "gnu++20";
				CLANG_ENABLE_MODULES = YES;
				CLANG_ENABLE_OBJC_ARC = YES;
				CLANG_ENABLE_OBJC_WEAK = YES;
				CLANG_WARN_BLOCK_CAPTURE_AUTORELEASING = YES;
				CLANG_WARN_BOOL_CONVERSION = YES;
				CLANG_WARN_COMMA = YES;
				CLANG_WARN_CONSTANT_CONVERSION = YES;
				CLANG_WARN_DEPRECATED_OBJC_IMPLEMENTATIONS = YES;
				CLANG_WARN_DIRECT_OBJC_ISA_USAGE = YES_ERROR;
				CLANG_WARN_DOCUMENTATION_COMMENTS = YES;
				CLANG_WARN_EMPTY_BODY = YES;
				CLANG_WARN_ENUM_CONVERSION = YES;
				CLANG_WARN_INFINITE_RECURSION = YES;
				CLANG_WARN_INT_CONVERSION = YES;
				CLANG_WARN_NON_LITERAL_NULL_CONVERSION = YES;
				CLANG_WARN_OBJC_IMPLICIT_RETAIN_SELF = YES;
				CLANG_WARN_OBJC_LITERAL_CONVERSION = YES;
				CLANG_WARN_OBJC_ROOT_CLASS = YES_ERROR;
				CLANG_WARN_QUOTED_INCLUDE_IN_FRAMEWORK_HEADER = YES;
				CLANG_WARN_RANGE_LOOP_ANALYSIS = YES;
				CLANG_WARN_STRICT_PROTOTYPES = YES;
				CLANG_WARN_SUSPICIOUS_MOVE = YES;
				CLANG_WARN_UNGUARDED_AVAILABILITY = YES_AGGRESSIVE;
				CLANG_WARN_UNREACHABLE_CODE = YES;
				CLANG_WARN__DUPLICATE_METHOD_MATCH = YES;
				COPY_PHASE_STRIP = NO;
				DEAD_CODE_STRIPPING = YES;
				DEBUG_INFORMATION_FORMAT = "dwarf-with-dsym";
				ENABLE_NS_ASSERTIONS = NO;
				ENABLE_STRICT_OBJC_MSGSEND = YES;
				ENABLE_USER_SCRIPT_SANDBOXING = YES;
				GCC_C_LANGUAGE_STANDARD = gnu17;
				GCC_NO_COMMON_BLOCKS = YES;
				GCC_WARN_64_TO_32_BIT_CONVERSION = YES;
				GCC_WARN_ABOUT_RETURN_TYPE = YES_ERROR;
				GCC_WARN_UNDECLARED_SELECTOR = YES;
				GCC_WARN_UNINITIALIZED_AUTOS = YES_AGGRESSIVE;
				GCC_WARN_UNUSED_FUNCTION = YES;
				GCC_WARN_UNUSED_VARIABLE = YES;
				LOCALIZATION_PREFERS_STRING_CATALOGS = YES;
				MTL_ENABLE_DEBUG_INFO = NO;
				MTL_FAST_MATH = YES;
				SWIFT_COMPILATION_MODE = wholemodule;
			};
			name = Release;
		};
		53D57B702D79E2A30094740D /* Debug */ = {
			isa = XCBuildConfiguration;
			buildSettings = {
				ASSETCATALOG_COMPILER_APPICON_NAME = AppIcon;
				ASSETCATALOG_COMPILER_GLOBAL_ACCENT_COLOR_NAME = AccentColor;
				CODE_SIGN_ENTITLEMENTS = Nidus/Nidus.entitlements;
				CODE_SIGN_STYLE = Automatic;
				CURRENT_PROJECT_VERSION = 30;
				DEAD_CODE_STRIPPING = YES;
				DEBUG_INFORMATION_FORMAT = "dwarf-with-dsym";
				DEVELOPMENT_ASSET_PATHS = "\"Nidus/Preview Content\"";
				DEVELOPMENT_TEAM = D392HWX27T;
				ENABLE_PREVIEWS = YES;
				ENABLE_USER_SCRIPT_SANDBOXING = NO;
				GENERATE_INFOPLIST_FILE = YES;
				INFOPLIST_FILE = "Nidus-Notes-Info.plist";
				INFOPLIST_KEY_CFBundleDisplayName = "";
				INFOPLIST_KEY_LSApplicationCategoryType = "";
				INFOPLIST_KEY_NSCameraUsageDescription = "Nidus uses your camera to allow you to attach pictures to notes";
				INFOPLIST_KEY_NSLocationWhenInUseUsageDescription = "Nidus saves notes with their location so it can show you notes near your current position.";
				INFOPLIST_KEY_NSMicrophoneUsageDescription = "Nidus uses your microphone to record notes via voice";
				INFOPLIST_KEY_NSPhotoLibraryUsageDescription = "Nidus allows you to attach photos to your notes";
				INFOPLIST_KEY_NSSpeechRecognitionUsageDescription = "Nidus can transcribe your voice into notes";
				"INFOPLIST_KEY_UIApplicationSceneManifest_Generation[sdk=iphoneos*]" = YES;
				"INFOPLIST_KEY_UIApplicationSceneManifest_Generation[sdk=iphonesimulator*]" = YES;
				"INFOPLIST_KEY_UIApplicationSupportsIndirectInputEvents[sdk=iphoneos*]" = YES;
				"INFOPLIST_KEY_UIApplicationSupportsIndirectInputEvents[sdk=iphonesimulator*]" = YES;
				"INFOPLIST_KEY_UILaunchScreen_Generation[sdk=iphoneos*]" = YES;
				"INFOPLIST_KEY_UILaunchScreen_Generation[sdk=iphonesimulator*]" = YES;
				"INFOPLIST_KEY_UIStatusBarStyle[sdk=iphoneos*]" = UIStatusBarStyleDefault;
				"INFOPLIST_KEY_UIStatusBarStyle[sdk=iphonesimulator*]" = UIStatusBarStyleDefault;
				INFOPLIST_KEY_UISupportedInterfaceOrientations_iPad = "UIInterfaceOrientationPortrait UIInterfaceOrientationPortraitUpsideDown UIInterfaceOrientationLandscapeLeft UIInterfaceOrientationLandscapeRight";
				INFOPLIST_KEY_UISupportedInterfaceOrientations_iPhone = "UIInterfaceOrientationPortrait UIInterfaceOrientationLandscapeLeft UIInterfaceOrientationLandscapeRight";
				IPHONEOS_DEPLOYMENT_TARGET = 18.0;
				LD_RUNPATH_SEARCH_PATHS = "@executable_path/Frameworks";
				"LD_RUNPATH_SEARCH_PATHS[sdk=macosx*]" = "@executable_path/../Frameworks";
				MACOSX_DEPLOYMENT_TARGET = 15.2;
				MARKETING_VERSION = 1.30;
				PRODUCT_BUNDLE_IDENTIFIER = technology.gleipnir.apps.nidus;
				PRODUCT_NAME = "$(TARGET_NAME)";
				SDKROOT = auto;
				SUPPORTED_PLATFORMS = "iphoneos iphonesimulator macosx";
				SUPPORTS_MACCATALYST = NO;
				SWIFT_EMIT_LOC_STRINGS = YES;
				SWIFT_VERSION = 5.0;
				TARGETED_DEVICE_FAMILY = "1,2";
				XROS_DEPLOYMENT_TARGET = 2.2;
			};
			name = Debug;
		};
		53D57B712D79E2A30094740D /* Release */ = {
			isa = XCBuildConfiguration;
			buildSettings = {
				ASSETCATALOG_COMPILER_APPICON_NAME = AppIcon;
				ASSETCATALOG_COMPILER_GLOBAL_ACCENT_COLOR_NAME = AccentColor;
				CODE_SIGN_ENTITLEMENTS = Nidus/Nidus.entitlements;
				CODE_SIGN_STYLE = Automatic;
				CURRENT_PROJECT_VERSION = 30;
				DEAD_CODE_STRIPPING = YES;
				DEVELOPMENT_ASSET_PATHS = "\"Nidus/Preview Content\"";
				DEVELOPMENT_TEAM = D392HWX27T;
				ENABLE_PREVIEWS = YES;
				ENABLE_USER_SCRIPT_SANDBOXING = NO;
				GENERATE_INFOPLIST_FILE = YES;
				INFOPLIST_FILE = "Nidus-Notes-Info.plist";
				INFOPLIST_KEY_CFBundleDisplayName = "";
				INFOPLIST_KEY_LSApplicationCategoryType = "";
				INFOPLIST_KEY_NSCameraUsageDescription = "Nidus uses your camera to allow you to attach pictures to notes";
				INFOPLIST_KEY_NSLocationWhenInUseUsageDescription = "Nidus saves notes with their location so it can show you notes near your current position.";
				INFOPLIST_KEY_NSMicrophoneUsageDescription = "Nidus uses your microphone to record notes via voice";
				INFOPLIST_KEY_NSPhotoLibraryUsageDescription = "Nidus allows you to attach photos to your notes";
				INFOPLIST_KEY_NSSpeechRecognitionUsageDescription = "Nidus can transcribe your voice into notes";
				"INFOPLIST_KEY_UIApplicationSceneManifest_Generation[sdk=iphoneos*]" = YES;
				"INFOPLIST_KEY_UIApplicationSceneManifest_Generation[sdk=iphonesimulator*]" = YES;
				"INFOPLIST_KEY_UIApplicationSupportsIndirectInputEvents[sdk=iphoneos*]" = YES;
				"INFOPLIST_KEY_UIApplicationSupportsIndirectInputEvents[sdk=iphonesimulator*]" = YES;
				"INFOPLIST_KEY_UILaunchScreen_Generation[sdk=iphoneos*]" = YES;
				"INFOPLIST_KEY_UILaunchScreen_Generation[sdk=iphonesimulator*]" = YES;
				"INFOPLIST_KEY_UIStatusBarStyle[sdk=iphoneos*]" = UIStatusBarStyleDefault;
				"INFOPLIST_KEY_UIStatusBarStyle[sdk=iphonesimulator*]" = UIStatusBarStyleDefault;
				INFOPLIST_KEY_UISupportedInterfaceOrientations_iPad = "UIInterfaceOrientationPortrait UIInterfaceOrientationPortraitUpsideDown UIInterfaceOrientationLandscapeLeft UIInterfaceOrientationLandscapeRight";
				INFOPLIST_KEY_UISupportedInterfaceOrientations_iPhone = "UIInterfaceOrientationPortrait UIInterfaceOrientationLandscapeLeft UIInterfaceOrientationLandscapeRight";
				IPHONEOS_DEPLOYMENT_TARGET = 18.0;
				LD_RUNPATH_SEARCH_PATHS = "@executable_path/Frameworks";
				"LD_RUNPATH_SEARCH_PATHS[sdk=macosx*]" = "@executable_path/../Frameworks";
				MACOSX_DEPLOYMENT_TARGET = 15.2;
				MARKETING_VERSION = 1.30;
				PRODUCT_BUNDLE_IDENTIFIER = technology.gleipnir.apps.nidus;
				PRODUCT_NAME = "$(TARGET_NAME)";
				SDKROOT = auto;
				SUPPORTED_PLATFORMS = "iphoneos iphonesimulator macosx";
				SUPPORTS_MACCATALYST = NO;
				SWIFT_EMIT_LOC_STRINGS = YES;
				SWIFT_VERSION = 5.0;
				TARGETED_DEVICE_FAMILY = "1,2";
				XROS_DEPLOYMENT_TARGET = 2.2;
			};
			name = Release;
		};
		53E142062E8C56D400723D0D /* Debug */ = {
			isa = XCBuildConfiguration;
			buildSettings = {
				BUNDLE_LOADER = "$(TEST_HOST)";
				CODE_SIGN_STYLE = Automatic;
				CURRENT_PROJECT_VERSION = 1;
				DEVELOPMENT_TEAM = D392HWX27T;
				GENERATE_INFOPLIST_FILE = YES;
				IPHONEOS_DEPLOYMENT_TARGET = 18.2;
				MARKETING_VERSION = 1.0;
				PRODUCT_BUNDLE_IDENTIFIER = "technology.gleipnir.Nidus-Notes-Unit-Tests";
				PRODUCT_NAME = "$(TARGET_NAME)";
				SDKROOT = iphoneos;
				SWIFT_EMIT_LOC_STRINGS = NO;
				SWIFT_VERSION = 5.0;
				TARGETED_DEVICE_FAMILY = "1,2";
				TEST_HOST = "$(BUILT_PRODUCTS_DIR)/Nidus Notes.app/$(BUNDLE_EXECUTABLE_FOLDER_PATH)/Nidus Notes";
			};
			name = Debug;
		};
		53E142072E8C56D400723D0D /* Release */ = {
			isa = XCBuildConfiguration;
			buildSettings = {
				BUNDLE_LOADER = "$(TEST_HOST)";
				CODE_SIGN_STYLE = Automatic;
				CURRENT_PROJECT_VERSION = 1;
				DEVELOPMENT_TEAM = D392HWX27T;
				GENERATE_INFOPLIST_FILE = YES;
				IPHONEOS_DEPLOYMENT_TARGET = 18.2;
				MARKETING_VERSION = 1.0;
				PRODUCT_BUNDLE_IDENTIFIER = "technology.gleipnir.Nidus-Notes-Unit-Tests";
				PRODUCT_NAME = "$(TARGET_NAME)";
				SDKROOT = iphoneos;
				SWIFT_EMIT_LOC_STRINGS = NO;
				SWIFT_VERSION = 5.0;
				TARGETED_DEVICE_FAMILY = "1,2";
				TEST_HOST = "$(BUILT_PRODUCTS_DIR)/Nidus Notes.app/$(BUNDLE_EXECUTABLE_FOLDER_PATH)/Nidus Notes";
				VALIDATE_PRODUCT = YES;
			};
			name = Release;
		};
/* End XCBuildConfiguration section */

/* Begin XCConfigurationList section */
		53D57B452D79E2A20094740D /* Build configuration list for PBXProject "Nidus Notes" */ = {
			isa = XCConfigurationList;
			buildConfigurations = (
				53D57B6D2D79E2A30094740D /* Debug */,
				53D57B6E2D79E2A30094740D /* Release */,
			);
			defaultConfigurationIsVisible = 0;
			defaultConfigurationName = Release;
		};
		53D57B6F2D79E2A30094740D /* Build configuration list for PBXNativeTarget "Nidus Notes" */ = {
			isa = XCConfigurationList;
			buildConfigurations = (
				53D57B702D79E2A30094740D /* Debug */,
				53D57B712D79E2A30094740D /* Release */,
			);
			defaultConfigurationIsVisible = 0;
			defaultConfigurationName = Release;
		};
		53E142052E8C56D400723D0D /* Build configuration list for PBXNativeTarget "Nidus Notes Unit Tests" */ = {
			isa = XCConfigurationList;
			buildConfigurations = (
				53E142062E8C56D400723D0D /* Debug */,
				53E142072E8C56D400723D0D /* Release */,
			);
			defaultConfigurationIsVisible = 0;
			defaultConfigurationName = Release;
		};
/* End XCConfigurationList section */

/* Begin XCLocalSwiftPackageReference section */
		538BFA8B2E3A3C0A0064A6A5 /* XCLocalSwiftPackageReference "../swift-h3" */ = {
			isa = XCLocalSwiftPackageReference;
			relativePath = "../swift-h3";
		};
/* End XCLocalSwiftPackageReference section */

/* Begin XCRemoteSwiftPackageReference section */
		532F3AE92DEB68C7006E0E40 /* XCRemoteSwiftPackageReference "SQLite.swift" */ = {
			isa = XCRemoteSwiftPackageReference;
			repositoryURL = "https://github.com/stephencelis/SQLite.swift.git";
			requirement = {
				kind = upToNextMajorVersion;
				minimumVersion = 0.15.3;
			};
		};
		533B86F32E58F7A300362B49 /* XCRemoteSwiftPackageReference "sentry-cocoa" */ = {
			isa = XCRemoteSwiftPackageReference;
			repositoryURL = "https://github.com/getsentry/sentry-cocoa.git";
			requirement = {
				kind = upToNextMajorVersion;
				minimumVersion = 8.55.0;
			};
		};
		53E1F2FD2E05E3FA00A6D888 /* XCRemoteSwiftPackageReference "SQLiteMigrationManager.swift" */ = {
			isa = XCRemoteSwiftPackageReference;
			repositoryURL = "https://github.com/garriguv/SQLiteMigrationManager.swift.git";
			requirement = {
				kind = upToNextMajorVersion;
				minimumVersion = 0.8.3;
			};
		};
/* End XCRemoteSwiftPackageReference section */

/* Begin XCSwiftPackageProductDependency section */
		532F3AEA2DEB68C7006E0E40 /* SQLite */ = {
			isa = XCSwiftPackageProductDependency;
			package = 532F3AE92DEB68C7006E0E40 /* XCRemoteSwiftPackageReference "SQLite.swift" */;
			productName = SQLite;
		};
		533B86FA2E58F7A300362B49 /* SentrySwiftUI */ = {
			isa = XCSwiftPackageProductDependency;
			package = 533B86F32E58F7A300362B49 /* XCRemoteSwiftPackageReference "sentry-cocoa" */;
			productName = SentrySwiftUI;
		};
		538BFA8C2E3A3C0A0064A6A5 /* H3 */ = {
			isa = XCSwiftPackageProductDependency;
			productName = H3;
		};
		53E1F2FE2E05E3FA00A6D888 /* SQLiteMigrationManager */ = {
			isa = XCSwiftPackageProductDependency;
			package = 53E1F2FD2E05E3FA00A6D888 /* XCRemoteSwiftPackageReference "SQLiteMigrationManager.swift" */;
			productName = SQLiteMigrationManager;
		};
/* End XCSwiftPackageProductDependency section */
	};
	rootObject = 53D57B422D79E2A20094740D /* Project object */;
}
