// !$*UTF8*$!
{
	archiveVersion = 1;
	classes = {
	};
	objectVersion = 77;
	objects = {

/* Begin PBXBuildFile section */
		531B36B52D8B962C00CE8BA0 /* NoteMapView.swift in Sources */ = {isa = PBXBuildFile; fileRef = 531B36B42D8B962900CE8BA0 /* NoteMapView.swift */; };
		531B36B72D8CEAEF00CE8BA0 /* SampleLocations.swift in Sources */ = {isa = PBXBuildFile; fileRef = 531B36B62D8CEAE800CE8BA0 /* SampleLocations.swift */; };
		532F3ACC2DE5FC67006E0E40 /* Settings.swift in Sources */ = {isa = PBXBuildFile; fileRef = 532F3ACB2DE5FC62006E0E40 /* Settings.swift */; };
		532F3AD12DE61CE7006E0E40 /* BackgroundNetworkManager.swift in Sources */ = {isa = PBXBuildFile; fileRef = 532F3AD02DE61CE1006E0E40 /* BackgroundNetworkManager.swift */; };
		532F3AD32DE66D40006E0E40 /* Logger.swift in Sources */ = {isa = PBXBuildFile; fileRef = 532F3AD22DE66D3D006E0E40 /* Logger.swift */; };
		532F3AD52DE66F42006E0E40 /* ModelActor.swift in Sources */ = {isa = PBXBuildFile; fileRef = 532F3AD42DE66F3E006E0E40 /* ModelActor.swift */; };
		532F3ADA2DE7A41F006E0E40 /* Toast.swift in Sources */ = {isa = PBXBuildFile; fileRef = 532F3AD92DE7A41C006E0E40 /* Toast.swift */; };
		532F3AE02DEA0BCD006E0E40 /* FieldSeeker.swift in Sources */ = {isa = PBXBuildFile; fileRef = 532F3ADF2DEA0BC9006E0E40 /* FieldSeeker.swift */; };
		532F3AE22DEB64B4006E0E40 /* Importer.swift in Sources */ = {isa = PBXBuildFile; fileRef = 532F3AE12DEB64B0006E0E40 /* Importer.swift */; };
		532F3AE52DEB66C5006E0E40 /* Automerge in Frameworks */ = {isa = PBXBuildFile; productRef = 532F3AE42DEB66C5006E0E40 /* Automerge */; };
		532F3AE82DEB6765006E0E40 /* AutomergeRepo in Frameworks */ = {isa = PBXBuildFile; productRef = 532F3AE72DEB6765006E0E40 /* AutomergeRepo */; };
		532F3AEB2DEB68C7006E0E40 /* SQLite in Frameworks */ = {isa = PBXBuildFile; productRef = 532F3AEA2DEB68C7006E0E40 /* SQLite */; };
		532F3AED2DEB74D8006E0E40 /* Database.swift in Sources */ = {isa = PBXBuildFile; fileRef = 532F3AEC2DEB74D3006E0E40 /* Database.swift */; };
		532F3AF52DECAE26006E0E40 /* ClusterMap in Frameworks */ = {isa = PBXBuildFile; productRef = 532F3AF42DECAE26006E0E40 /* ClusterMap */; };
		532F3AF72DECAE26006E0E40 /* ClusterMapSwiftUI in Frameworks */ = {isa = PBXBuildFile; productRef = 532F3AF62DECAE26006E0E40 /* ClusterMapSwiftUI */; };
		532F3AF92DECB02C006E0E40 /* MapClustered.swift in Sources */ = {isa = PBXBuildFile; fileRef = 532F3AF82DECB027006E0E40 /* MapClustered.swift */; };
		532F3AFB2DECBFF5006E0E40 /* NotesCluster.swift in Sources */ = {isa = PBXBuildFile; fileRef = 532F3AFA2DECBFE9006E0E40 /* NotesCluster.swift */; };
		532F3AFD2DECE4EA006E0E40 /* MosquitoSourceDetail.swift in Sources */ = {isa = PBXBuildFile; fileRef = 532F3AFC2DECE4E1006E0E40 /* MosquitoSourceDetail.swift */; };
		532F3AFF2DECEDC4006E0E40 /* InspectionList.swift in Sources */ = {isa = PBXBuildFile; fileRef = 532F3AFE2DECEDC1006E0E40 /* InspectionList.swift */; };
		532F3B012DECEE5D006E0E40 /* InspectionDetail.swift in Sources */ = {isa = PBXBuildFile; fileRef = 532F3B002DECEE5A006E0E40 /* InspectionDetail.swift */; };
		532F3B032DECF0F2006E0E40 /* TreatmentList.swift in Sources */ = {isa = PBXBuildFile; fileRef = 532F3B022DECF0EE006E0E40 /* TreatmentList.swift */; };
		532F3B052DECF12D006E0E40 /* TreatmentDetail.swift in Sources */ = {isa = PBXBuildFile; fileRef = 532F3B042DECF12B006E0E40 /* TreatmentDetail.swift */; };
		537560B02D820A5A00D8528B /* Preview Assets.xcassets in Resources */ = {isa = PBXBuildFile; fileRef = 5375609F2D820A5A00D8528B /* Preview Assets.xcassets */; };
		537560B22D820A5A00D8528B /* Assets.xcassets in Resources */ = {isa = PBXBuildFile; fileRef = 537560A12D820A5A00D8528B /* Assets.xcassets */; };
		537560B42D820A5A00D8528B /* ModelData.swift in Sources */ = {isa = PBXBuildFile; fileRef = 537560A82D820A5A00D8528B /* ModelData.swift */; };
		537560B92D820A5A00D8528B /* Note.swift in Sources */ = {isa = PBXBuildFile; fileRef = 537560A92D820A5A00D8528B /* Note.swift */; };
		537560BA2D820A5A00D8528B /* MapView.swift in Sources */ = {isa = PBXBuildFile; fileRef = 537560A72D820A5A00D8528B /* MapView.swift */; };
		537560BC2D820A5A00D8528B /* ContentView.swift in Sources */ = {isa = PBXBuildFile; fileRef = 537560A42D820A5A00D8528B /* ContentView.swift */; };
		537560C02D820F3D00D8528B /* NidusApp.swift in Sources */ = {isa = PBXBuildFile; fileRef = 537560BF2D820F3D00D8528B /* NidusApp.swift */; };
		537560CA2D82127100D8528B /* ButtonAddNote.swift in Sources */ = {isa = PBXBuildFile; fileRef = 537560C52D82127100D8528B /* ButtonAddNote.swift */; };
		537560CC2D82127100D8528B /* NoteRow.swift in Sources */ = {isa = PBXBuildFile; fileRef = 537560C92D82127100D8528B /* NoteRow.swift */; };
		537560CE2D82127100D8528B /* NoteList.swift in Sources */ = {isa = PBXBuildFile; fileRef = 537560C82D82127100D8528B /* NoteList.swift */; };
		537560D02D821BDC00D8528B /* NoteEditor.swift in Sources */ = {isa = PBXBuildFile; fileRef = 537560CF2D821BD500D8528B /* NoteEditor.swift */; };
		537560DC2D83306F00D8528B /* LocationDataManager.swift in Sources */ = {isa = PBXBuildFile; fileRef = 537560DB2D83306C00D8528B /* LocationDataManager.swift */; };
		537E02672DC03DC5000F254F /* MapOverview.swift in Sources */ = {isa = PBXBuildFile; fileRef = 537E02662DC03DC1000F254F /* MapOverview.swift */; };
		538784432D8B474500B3552E /* SettingView.swift in Sources */ = {isa = PBXBuildFile; fileRef = 538784422D8B474300B3552E /* SettingView.swift */; };
		53E308182D8B39ED00534AB0 /* NoteCategoryAdd.swift in Sources */ = {isa = PBXBuildFile; fileRef = 53E308172D8B39E800534AB0 /* NoteCategoryAdd.swift */; };
/* End PBXBuildFile section */

/* Begin PBXContainerItemProxy section */
		53D57B5C2D79E2A30094740D /* PBXContainerItemProxy */ = {
			isa = PBXContainerItemProxy;
			containerPortal = 53D57B422D79E2A20094740D /* Project object */;
			proxyType = 1;
			remoteGlobalIDString = 53D57B492D79E2A20094740D;
			remoteInfo = Nidus;
		};
		53D57B662D79E2A30094740D /* PBXContainerItemProxy */ = {
			isa = PBXContainerItemProxy;
			containerPortal = 53D57B422D79E2A20094740D /* Project object */;
			proxyType = 1;
			remoteGlobalIDString = 53D57B492D79E2A20094740D;
			remoteInfo = Nidus;
		};
/* End PBXContainerItemProxy section */

/* Begin PBXFileReference section */
		531B36B42D8B962900CE8BA0 /* NoteMapView.swift */ = {isa = PBXFileReference; lastKnownFileType = sourcecode.swift; path = NoteMapView.swift; sourceTree = "<group>"; };
		531B36B62D8CEAE800CE8BA0 /* SampleLocations.swift */ = {isa = PBXFileReference; lastKnownFileType = sourcecode.swift; path = SampleLocations.swift; sourceTree = "<group>"; };
		532F3ACB2DE5FC62006E0E40 /* Settings.swift */ = {isa = PBXFileReference; lastKnownFileType = sourcecode.swift; path = Settings.swift; sourceTree = "<group>"; };
		532F3AD02DE61CE1006E0E40 /* BackgroundNetworkManager.swift */ = {isa = PBXFileReference; lastKnownFileType = sourcecode.swift; path = BackgroundNetworkManager.swift; sourceTree = "<group>"; };
		532F3AD22DE66D3D006E0E40 /* Logger.swift */ = {isa = PBXFileReference; lastKnownFileType = sourcecode.swift; path = Logger.swift; sourceTree = "<group>"; };
		532F3AD42DE66F3E006E0E40 /* ModelActor.swift */ = {isa = PBXFileReference; lastKnownFileType = sourcecode.swift; path = ModelActor.swift; sourceTree = "<group>"; };
		532F3AD82DE76EF8006E0E40 /* Nidus-Notes-Info.plist */ = {isa = PBXFileReference; lastKnownFileType = text.plist; path = "Nidus-Notes-Info.plist"; sourceTree = "<group>"; };
		532F3AD92DE7A41C006E0E40 /* Toast.swift */ = {isa = PBXFileReference; lastKnownFileType = sourcecode.swift; path = Toast.swift; sourceTree = "<group>"; };
		532F3ADF2DEA0BC9006E0E40 /* FieldSeeker.swift */ = {isa = PBXFileReference; lastKnownFileType = sourcecode.swift; path = FieldSeeker.swift; sourceTree = "<group>"; };
		532F3AE12DEB64B0006E0E40 /* Importer.swift */ = {isa = PBXFileReference; lastKnownFileType = sourcecode.swift; path = Importer.swift; sourceTree = "<group>"; };
		532F3AEC2DEB74D3006E0E40 /* Database.swift */ = {isa = PBXFileReference; lastKnownFileType = sourcecode.swift; path = Database.swift; sourceTree = "<group>"; };
		532F3AF82DECB027006E0E40 /* MapClustered.swift */ = {isa = PBXFileReference; lastKnownFileType = sourcecode.swift; path = MapClustered.swift; sourceTree = "<group>"; };
		532F3AFA2DECBFE9006E0E40 /* NotesCluster.swift */ = {isa = PBXFileReference; lastKnownFileType = sourcecode.swift; path = NotesCluster.swift; sourceTree = "<group>"; };
		532F3AFC2DECE4E1006E0E40 /* MosquitoSourceDetail.swift */ = {isa = PBXFileReference; lastKnownFileType = sourcecode.swift; path = MosquitoSourceDetail.swift; sourceTree = "<group>"; };
		532F3AFE2DECEDC1006E0E40 /* InspectionList.swift */ = {isa = PBXFileReference; lastKnownFileType = sourcecode.swift; path = InspectionList.swift; sourceTree = "<group>"; };
		532F3B002DECEE5A006E0E40 /* InspectionDetail.swift */ = {isa = PBXFileReference; lastKnownFileType = sourcecode.swift; path = InspectionDetail.swift; sourceTree = "<group>"; };
		532F3B022DECF0EE006E0E40 /* TreatmentList.swift */ = {isa = PBXFileReference; lastKnownFileType = sourcecode.swift; path = TreatmentList.swift; sourceTree = "<group>"; };
		532F3B042DECF12B006E0E40 /* TreatmentDetail.swift */ = {isa = PBXFileReference; lastKnownFileType = sourcecode.swift; path = TreatmentDetail.swift; sourceTree = "<group>"; };
		5375609F2D820A5A00D8528B /* Preview Assets.xcassets */ = {isa = PBXFileReference; lastKnownFileType = folder.assetcatalog; path = "Preview Assets.xcassets"; sourceTree = "<group>"; };
		537560A12D820A5A00D8528B /* Assets.xcassets */ = {isa = PBXFileReference; lastKnownFileType = folder.assetcatalog; path = Assets.xcassets; sourceTree = "<group>"; };
		537560A42D820A5A00D8528B /* ContentView.swift */ = {isa = PBXFileReference; lastKnownFileType = sourcecode.swift; path = ContentView.swift; sourceTree = "<group>"; };
		537560A72D820A5A00D8528B /* MapView.swift */ = {isa = PBXFileReference; lastKnownFileType = sourcecode.swift; path = MapView.swift; sourceTree = "<group>"; };
		537560A82D820A5A00D8528B /* ModelData.swift */ = {isa = PBXFileReference; lastKnownFileType = sourcecode.swift; path = ModelData.swift; sourceTree = "<group>"; };
		537560A92D820A5A00D8528B /* Note.swift */ = {isa = PBXFileReference; lastKnownFileType = sourcecode.swift; path = Note.swift; sourceTree = "<group>"; };
		537560BE2D820F0A00D8528B /* Nidus.entitlements */ = {isa = PBXFileReference; lastKnownFileType = text.plist.entitlements; path = Nidus.entitlements; sourceTree = "<group>"; };
		537560BF2D820F3D00D8528B /* NidusApp.swift */ = {isa = PBXFileReference; lastKnownFileType = sourcecode.swift; path = NidusApp.swift; sourceTree = "<group>"; };
		537560C52D82127100D8528B /* ButtonAddNote.swift */ = {isa = PBXFileReference; lastKnownFileType = sourcecode.swift; path = ButtonAddNote.swift; sourceTree = "<group>"; };
		537560C82D82127100D8528B /* NoteList.swift */ = {isa = PBXFileReference; lastKnownFileType = sourcecode.swift; path = NoteList.swift; sourceTree = "<group>"; };
		537560C92D82127100D8528B /* NoteRow.swift */ = {isa = PBXFileReference; lastKnownFileType = sourcecode.swift; path = NoteRow.swift; sourceTree = "<group>"; };
		537560CF2D821BD500D8528B /* NoteEditor.swift */ = {isa = PBXFileReference; lastKnownFileType = sourcecode.swift; path = NoteEditor.swift; sourceTree = "<group>"; };
		537560DB2D83306C00D8528B /* LocationDataManager.swift */ = {isa = PBXFileReference; lastKnownFileType = sourcecode.swift; path = LocationDataManager.swift; sourceTree = "<group>"; };
		537E02662DC03DC1000F254F /* MapOverview.swift */ = {isa = PBXFileReference; lastKnownFileType = sourcecode.swift; path = MapOverview.swift; sourceTree = "<group>"; };
		538784422D8B474300B3552E /* SettingView.swift */ = {isa = PBXFileReference; lastKnownFileType = sourcecode.swift; path = SettingView.swift; sourceTree = "<group>"; };
		53D57B4A2D79E2A20094740D /* Nidus Notes.app */ = {isa = PBXFileReference; explicitFileType = wrapper.application; includeInIndex = 0; path = "Nidus Notes.app"; sourceTree = BUILT_PRODUCTS_DIR; };
		53D57B5B2D79E2A30094740D /* Nidus NotesTests.xctest */ = {isa = PBXFileReference; explicitFileType = wrapper.cfbundle; includeInIndex = 0; path = "Nidus NotesTests.xctest"; sourceTree = BUILT_PRODUCTS_DIR; };
		53D57B652D79E2A30094740D /* Nidus NotesUITests.xctest */ = {isa = PBXFileReference; explicitFileType = wrapper.cfbundle; includeInIndex = 0; path = "Nidus NotesUITests.xctest"; sourceTree = BUILT_PRODUCTS_DIR; };
		53E308172D8B39E800534AB0 /* NoteCategoryAdd.swift */ = {isa = PBXFileReference; lastKnownFileType = sourcecode.swift; path = NoteCategoryAdd.swift; sourceTree = "<group>"; };
/* End PBXFileReference section */

/* Begin PBXFrameworksBuildPhase section */
		53D57B472D79E2A20094740D /* Frameworks */ = {
			isa = PBXFrameworksBuildPhase;
			buildActionMask = 2147483647;
			files = (
				532F3AEB2DEB68C7006E0E40 /* SQLite in Frameworks */,
				532F3AF72DECAE26006E0E40 /* ClusterMapSwiftUI in Frameworks */,
				532F3AE82DEB6765006E0E40 /* AutomergeRepo in Frameworks */,
				532F3AF52DECAE26006E0E40 /* ClusterMap in Frameworks */,
				532F3AE52DEB66C5006E0E40 /* Automerge in Frameworks */,
			);
			runOnlyForDeploymentPostprocessing = 0;
		};
		53D57B582D79E2A30094740D /* Frameworks */ = {
			isa = PBXFrameworksBuildPhase;
			buildActionMask = 2147483647;
			files = (
			);
			runOnlyForDeploymentPostprocessing = 0;
		};
		53D57B622D79E2A30094740D /* Frameworks */ = {
			isa = PBXFrameworksBuildPhase;
			buildActionMask = 2147483647;
			files = (
			);
			runOnlyForDeploymentPostprocessing = 0;
		};
/* End PBXFrameworksBuildPhase section */

/* Begin PBXGroup section */
		532F3ACD2DE61BF7006E0E40 /* Background */ = {
			isa = PBXGroup;
			children = (
				532F3AE12DEB64B0006E0E40 /* Importer.swift */,
				532F3AD42DE66F3E006E0E40 /* ModelActor.swift */,
				532F3AD02DE61CE1006E0E40 /* BackgroundNetworkManager.swift */,
			);
			path = Background;
			sourceTree = "<group>";
		};
		537560A02D820A5A00D8528B /* Preview Content */ = {
			isa = PBXGroup;
			children = (
				5375609F2D820A5A00D8528B /* Preview Assets.xcassets */,
			);
			path = "Preview Content";
			sourceTree = "<group>";
		};
		537560AF2D820A5A00D8528B /* Nidus */ = {
			isa = PBXGroup;
			children = (
				532F3AD22DE66D3D006E0E40 /* Logger.swift */,
				532F3ACD2DE61BF7006E0E40 /* Background */,
				537560DB2D83306C00D8528B /* LocationDataManager.swift */,
				537560C12D820FFE00D8528B /* Models */,
				537560D12D8223E800D8528B /* PreviewHelper */,
				537560D62D82248F00D8528B /* SampleData */,
				537560C42D82125200D8528B /* Views */,
				537560BF2D820F3D00D8528B /* NidusApp.swift */,
				537560BE2D820F0A00D8528B /* Nidus.entitlements */,
				537560A02D820A5A00D8528B /* Preview Content */,
				537560A12D820A5A00D8528B /* Assets.xcassets */,
			);
			path = Nidus;
			sourceTree = "<group>";
		};
		537560C12D820FFE00D8528B /* Models */ = {
			isa = PBXGroup;
			children = (
				532F3AFA2DECBFE9006E0E40 /* NotesCluster.swift */,
				532F3AEC2DEB74D3006E0E40 /* Database.swift */,
				532F3ADF2DEA0BC9006E0E40 /* FieldSeeker.swift */,
				532F3ACB2DE5FC62006E0E40 /* Settings.swift */,
				537560A92D820A5A00D8528B /* Note.swift */,
				537560A82D820A5A00D8528B /* ModelData.swift */,
			);
			path = Models;
			sourceTree = "<group>";
		};
		537560C42D82125200D8528B /* Views */ = {
			isa = PBXGroup;
			children = (
				532F3B042DECF12B006E0E40 /* TreatmentDetail.swift */,
				532F3B022DECF0EE006E0E40 /* TreatmentList.swift */,
				532F3B002DECEE5A006E0E40 /* InspectionDetail.swift */,
				532F3AFE2DECEDC1006E0E40 /* InspectionList.swift */,
				532F3AFC2DECE4E1006E0E40 /* MosquitoSourceDetail.swift */,
				532F3AF82DECB027006E0E40 /* MapClustered.swift */,
				537560C52D82127100D8528B /* ButtonAddNote.swift */,
				537560A42D820A5A00D8528B /* ContentView.swift */,
				537E02662DC03DC1000F254F /* MapOverview.swift */,
				537560A72D820A5A00D8528B /* MapView.swift */,
				53E308172D8B39E800534AB0 /* NoteCategoryAdd.swift */,
				537560CF2D821BD500D8528B /* NoteEditor.swift */,
				537560C82D82127100D8528B /* NoteList.swift */,
				531B36B42D8B962900CE8BA0 /* NoteMapView.swift */,
				537560C92D82127100D8528B /* NoteRow.swift */,
				538784422D8B474300B3552E /* SettingView.swift */,
				532F3AD92DE7A41C006E0E40 /* Toast.swift */,
			);
			path = Views;
			sourceTree = "<group>";
		};
		537560D12D8223E800D8528B /* PreviewHelper */ = {
			isa = PBXGroup;
			children = (
			);
			path = PreviewHelper;
			sourceTree = "<group>";
		};
		537560D62D82248F00D8528B /* SampleData */ = {
			isa = PBXGroup;
			children = (
				531B36B62D8CEAE800CE8BA0 /* SampleLocations.swift */,
			);
			path = SampleData;
			sourceTree = "<group>";
		};
		53D57B412D79E2A20094740D = {
			isa = PBXGroup;
			children = (
				532F3AD82DE76EF8006E0E40 /* Nidus-Notes-Info.plist */,
				537560AF2D820A5A00D8528B /* Nidus */,
				53D57B4B2D79E2A20094740D /* Products */,
			);
			sourceTree = "<group>";
		};
		53D57B4B2D79E2A20094740D /* Products */ = {
			isa = PBXGroup;
			children = (
				53D57B4A2D79E2A20094740D /* Nidus Notes.app */,
				53D57B5B2D79E2A30094740D /* Nidus NotesTests.xctest */,
				53D57B652D79E2A30094740D /* Nidus NotesUITests.xctest */,
			);
			name = Products;
			sourceTree = "<group>";
		};
/* End PBXGroup section */

/* Begin PBXNativeTarget section */
		53D57B492D79E2A20094740D /* Nidus Notes */ = {
			isa = PBXNativeTarget;
			buildConfigurationList = 53D57B6F2D79E2A30094740D /* Build configuration list for PBXNativeTarget "Nidus Notes" */;
			buildPhases = (
				53D57B462D79E2A20094740D /* Sources */,
				53D57B472D79E2A20094740D /* Frameworks */,
				53D57B482D79E2A20094740D /* Resources */,
			);
			buildRules = (
			);
			dependencies = (
			);
			name = "Nidus Notes";
			packageProductDependencies = (
				532F3AE42DEB66C5006E0E40 /* Automerge */,
				532F3AE72DEB6765006E0E40 /* AutomergeRepo */,
				532F3AEA2DEB68C7006E0E40 /* SQLite */,
				532F3AF42DECAE26006E0E40 /* ClusterMap */,
				532F3AF62DECAE26006E0E40 /* ClusterMapSwiftUI */,
			);
			productName = Nidus;
			productReference = 53D57B4A2D79E2A20094740D /* Nidus Notes.app */;
			productType = "com.apple.product-type.application";
		};
		53D57B5A2D79E2A30094740D /* Nidus NotesTests */ = {
			isa = PBXNativeTarget;
			buildConfigurationList = 53D57B722D79E2A30094740D /* Build configuration list for PBXNativeTarget "Nidus NotesTests" */;
			buildPhases = (
				53D57B572D79E2A30094740D /* Sources */,
				53D57B582D79E2A30094740D /* Frameworks */,
				53D57B592D79E2A30094740D /* Resources */,
			);
			buildRules = (
			);
			dependencies = (
				53D57B5D2D79E2A30094740D /* PBXTargetDependency */,
			);
			name = "Nidus NotesTests";
			packageProductDependencies = (
			);
			productName = NidusTests;
			productReference = 53D57B5B2D79E2A30094740D /* Nidus NotesTests.xctest */;
			productType = "com.apple.product-type.bundle.unit-test";
		};
		53D57B642D79E2A30094740D /* Nidus NotesUITests */ = {
			isa = PBXNativeTarget;
			buildConfigurationList = 53D57B752D79E2A30094740D /* Build configuration list for PBXNativeTarget "Nidus NotesUITests" */;
			buildPhases = (
				53D57B612D79E2A30094740D /* Sources */,
				53D57B622D79E2A30094740D /* Frameworks */,
				53D57B632D79E2A30094740D /* Resources */,
			);
			buildRules = (
			);
			dependencies = (
				53D57B672D79E2A30094740D /* PBXTargetDependency */,
			);
			name = "Nidus NotesUITests";
			packageProductDependencies = (
			);
			productName = NidusUITests;
			productReference = 53D57B652D79E2A30094740D /* Nidus NotesUITests.xctest */;
			productType = "com.apple.product-type.bundle.ui-testing";
		};
/* End PBXNativeTarget section */

/* Begin PBXProject section */
		53D57B422D79E2A20094740D /* Project object */ = {
			isa = PBXProject;
			attributes = {
				BuildIndependentTargetsInParallel = 1;
				LastSwiftUpdateCheck = 1620;
				LastUpgradeCheck = 1620;
				TargetAttributes = {
					53D57B492D79E2A20094740D = {
						CreatedOnToolsVersion = 16.2;
					};
					53D57B5A2D79E2A30094740D = {
						CreatedOnToolsVersion = 16.2;
						TestTargetID = 53D57B492D79E2A20094740D;
					};
					53D57B642D79E2A30094740D = {
						CreatedOnToolsVersion = 16.2;
						TestTargetID = 53D57B492D79E2A20094740D;
					};
				};
			};
			buildConfigurationList = 53D57B452D79E2A20094740D /* Build configuration list for PBXProject "Nidus Notes" */;
			developmentRegion = en;
			hasScannedForEncodings = 0;
			knownRegions = (
				en,
				Base,
			);
			mainGroup = 53D57B412D79E2A20094740D;
			minimizedProjectReferenceProxies = 1;
			packageReferences = (
				532F3AE32DEB66C5006E0E40 /* XCRemoteSwiftPackageReference "automerge-swift" */,
				532F3AE62DEB6765006E0E40 /* XCRemoteSwiftPackageReference "automerge-repo-swift" */,
				532F3AE92DEB68C7006E0E40 /* XCRemoteSwiftPackageReference "SQLite.swift" */,
				532F3AF32DECAE26006E0E40 /* XCRemoteSwiftPackageReference "ClusterMap" */,
			);
			preferredProjectObjectVersion = 77;
			productRefGroup = 53D57B4B2D79E2A20094740D /* Products */;
			projectDirPath = "";
			projectRoot = "";
			targets = (
				53D57B492D79E2A20094740D /* Nidus Notes */,
				53D57B5A2D79E2A30094740D /* Nidus NotesTests */,
				53D57B642D79E2A30094740D /* Nidus NotesUITests */,
			);
		};
/* End PBXProject section */

/* Begin PBXResourcesBuildPhase section */
		53D57B482D79E2A20094740D /* Resources */ = {
			isa = PBXResourcesBuildPhase;
			buildActionMask = 2147483647;
			files = (
				537560B02D820A5A00D8528B /* Preview Assets.xcassets in Resources */,
				537560B22D820A5A00D8528B /* Assets.xcassets in Resources */,
			);
			runOnlyForDeploymentPostprocessing = 0;
		};
		53D57B592D79E2A30094740D /* Resources */ = {
			isa = PBXResourcesBuildPhase;
			buildActionMask = 2147483647;
			files = (
			);
			runOnlyForDeploymentPostprocessing = 0;
		};
		53D57B632D79E2A30094740D /* Resources */ = {
			isa = PBXResourcesBuildPhase;
			buildActionMask = 2147483647;
			files = (
			);
			runOnlyForDeploymentPostprocessing = 0;
		};
/* End PBXResourcesBuildPhase section */

/* Begin PBXSourcesBuildPhase section */
		53D57B462D79E2A20094740D /* Sources */ = {
			isa = PBXSourcesBuildPhase;
			buildActionMask = 2147483647;
			files = (
				537560B42D820A5A00D8528B /* ModelData.swift in Sources */,
				532F3ADA2DE7A41F006E0E40 /* Toast.swift in Sources */,
				537560CA2D82127100D8528B /* ButtonAddNote.swift in Sources */,
				531B36B52D8B962C00CE8BA0 /* NoteMapView.swift in Sources */,
				532F3B012DECEE5D006E0E40 /* InspectionDetail.swift in Sources */,
				537560DC2D83306F00D8528B /* LocationDataManager.swift in Sources */,
				532F3AFB2DECBFF5006E0E40 /* NotesCluster.swift in Sources */,
				532F3AE22DEB64B4006E0E40 /* Importer.swift in Sources */,
				537560D02D821BDC00D8528B /* NoteEditor.swift in Sources */,
				532F3B052DECF12D006E0E40 /* TreatmentDetail.swift in Sources */,
				532F3AD32DE66D40006E0E40 /* Logger.swift in Sources */,
				538784432D8B474500B3552E /* SettingView.swift in Sources */,
				532F3AFF2DECEDC4006E0E40 /* InspectionList.swift in Sources */,
				537560CC2D82127100D8528B /* NoteRow.swift in Sources */,
				537560CE2D82127100D8528B /* NoteList.swift in Sources */,
				532F3AD52DE66F42006E0E40 /* ModelActor.swift in Sources */,
				537560C02D820F3D00D8528B /* NidusApp.swift in Sources */,
				532F3AFD2DECE4EA006E0E40 /* MosquitoSourceDetail.swift in Sources */,
				537560B92D820A5A00D8528B /* Note.swift in Sources */,
				532F3ACC2DE5FC67006E0E40 /* Settings.swift in Sources */,
				53E308182D8B39ED00534AB0 /* NoteCategoryAdd.swift in Sources */,
				532F3B032DECF0F2006E0E40 /* TreatmentList.swift in Sources */,
				532F3AE02DEA0BCD006E0E40 /* FieldSeeker.swift in Sources */,
				537560BA2D820A5A00D8528B /* MapView.swift in Sources */,
				532F3AD12DE61CE7006E0E40 /* BackgroundNetworkManager.swift in Sources */,
				537E02672DC03DC5000F254F /* MapOverview.swift in Sources */,
				531B36B72D8CEAEF00CE8BA0 /* SampleLocations.swift in Sources */,
				537560BC2D820A5A00D8528B /* ContentView.swift in Sources */,
				532F3AF92DECB02C006E0E40 /* MapClustered.swift in Sources */,
				532F3AED2DEB74D8006E0E40 /* Database.swift in Sources */,
			);
			runOnlyForDeploymentPostprocessing = 0;
		};
		53D57B572D79E2A30094740D /* Sources */ = {
			isa = PBXSourcesBuildPhase;
			buildActionMask = 2147483647;
			files = (
			);
			runOnlyForDeploymentPostprocessing = 0;
		};
		53D57B612D79E2A30094740D /* Sources */ = {
			isa = PBXSourcesBuildPhase;
			buildActionMask = 2147483647;
			files = (
			);
			runOnlyForDeploymentPostprocessing = 0;
		};
/* End PBXSourcesBuildPhase section */

/* Begin PBXTargetDependency section */
		53D57B5D2D79E2A30094740D /* PBXTargetDependency */ = {
			isa = PBXTargetDependency;
			target = 53D57B492D79E2A20094740D /* Nidus Notes */;
			targetProxy = 53D57B5C2D79E2A30094740D /* PBXContainerItemProxy */;
		};
		53D57B672D79E2A30094740D /* PBXTargetDependency */ = {
			isa = PBXTargetDependency;
			target = 53D57B492D79E2A20094740D /* Nidus Notes */;
			targetProxy = 53D57B662D79E2A30094740D /* PBXContainerItemProxy */;
		};
/* End PBXTargetDependency section */

/* Begin XCBuildConfiguration section */
		53D57B6D2D79E2A30094740D /* Debug */ = {
			isa = XCBuildConfiguration;
			buildSettings = {
				ALWAYS_SEARCH_USER_PATHS = NO;
				ASSETCATALOG_COMPILER_GENERATE_SWIFT_ASSET_SYMBOL_EXTENSIONS = YES;
				CLANG_ANALYZER_NONNULL = YES;
				CLANG_ANALYZER_NUMBER_OBJECT_CONVERSION = YES_AGGRESSIVE;
				CLANG_CXX_LANGUAGE_STANDARD = "gnu++20";
				CLANG_ENABLE_MODULES = YES;
				CLANG_ENABLE_OBJC_ARC = YES;
				CLANG_ENABLE_OBJC_WEAK = YES;
				CLANG_WARN_BLOCK_CAPTURE_AUTORELEASING = YES;
				CLANG_WARN_BOOL_CONVERSION = YES;
				CLANG_WARN_COMMA = YES;
				CLANG_WARN_CONSTANT_CONVERSION = YES;
				CLANG_WARN_DEPRECATED_OBJC_IMPLEMENTATIONS = YES;
				CLANG_WARN_DIRECT_OBJC_ISA_USAGE = YES_ERROR;
				CLANG_WARN_DOCUMENTATION_COMMENTS = YES;
				CLANG_WARN_EMPTY_BODY = YES;
				CLANG_WARN_ENUM_CONVERSION = YES;
				CLANG_WARN_INFINITE_RECURSION = YES;
				CLANG_WARN_INT_CONVERSION = YES;
				CLANG_WARN_NON_LITERAL_NULL_CONVERSION = YES;
				CLANG_WARN_OBJC_IMPLICIT_RETAIN_SELF = YES;
				CLANG_WARN_OBJC_LITERAL_CONVERSION = YES;
				CLANG_WARN_OBJC_ROOT_CLASS = YES_ERROR;
				CLANG_WARN_QUOTED_INCLUDE_IN_FRAMEWORK_HEADER = YES;
				CLANG_WARN_RANGE_LOOP_ANALYSIS = YES;
				CLANG_WARN_STRICT_PROTOTYPES = YES;
				CLANG_WARN_SUSPICIOUS_MOVE = YES;
				CLANG_WARN_UNGUARDED_AVAILABILITY = YES_AGGRESSIVE;
				CLANG_WARN_UNREACHABLE_CODE = YES;
				CLANG_WARN__DUPLICATE_METHOD_MATCH = YES;
				COPY_PHASE_STRIP = NO;
				DEBUG_INFORMATION_FORMAT = dwarf;
				ENABLE_STRICT_OBJC_MSGSEND = YES;
				ENABLE_TESTABILITY = YES;
				ENABLE_USER_SCRIPT_SANDBOXING = YES;
				GCC_C_LANGUAGE_STANDARD = gnu17;
				GCC_DYNAMIC_NO_PIC = NO;
				GCC_NO_COMMON_BLOCKS = YES;
				GCC_OPTIMIZATION_LEVEL = 0;
				GCC_PREPROCESSOR_DEFINITIONS = (
					"DEBUG=1",
					"$(inherited)",
				);
				GCC_WARN_64_TO_32_BIT_CONVERSION = YES;
				GCC_WARN_ABOUT_RETURN_TYPE = YES_ERROR;
				GCC_WARN_UNDECLARED_SELECTOR = YES;
				GCC_WARN_UNINITIALIZED_AUTOS = YES_AGGRESSIVE;
				GCC_WARN_UNUSED_FUNCTION = YES;
				GCC_WARN_UNUSED_VARIABLE = YES;
				LOCALIZATION_PREFERS_STRING_CATALOGS = YES;
				MTL_ENABLE_DEBUG_INFO = INCLUDE_SOURCE;
				MTL_FAST_MATH = YES;
				ONLY_ACTIVE_ARCH = YES;
				SWIFT_ACTIVE_COMPILATION_CONDITIONS = "DEBUG $(inherited)";
				SWIFT_OPTIMIZATION_LEVEL = "-Onone";
			};
			name = Debug;
		};
		53D57B6E2D79E2A30094740D /* Release */ = {
			isa = XCBuildConfiguration;
			buildSettings = {
				ALWAYS_SEARCH_USER_PATHS = NO;
				ASSETCATALOG_COMPILER_GENERATE_SWIFT_ASSET_SYMBOL_EXTENSIONS = YES;
				CLANG_ANALYZER_NONNULL = YES;
				CLANG_ANALYZER_NUMBER_OBJECT_CONVERSION = YES_AGGRESSIVE;
				CLANG_CXX_LANGUAGE_STANDARD = "gnu++20";
				CLANG_ENABLE_MODULES = YES;
				CLANG_ENABLE_OBJC_ARC = YES;
				CLANG_ENABLE_OBJC_WEAK = YES;
				CLANG_WARN_BLOCK_CAPTURE_AUTORELEASING = YES;
				CLANG_WARN_BOOL_CONVERSION = YES;
				CLANG_WARN_COMMA = YES;
				CLANG_WARN_CONSTANT_CONVERSION = YES;
				CLANG_WARN_DEPRECATED_OBJC_IMPLEMENTATIONS = YES;
				CLANG_WARN_DIRECT_OBJC_ISA_USAGE = YES_ERROR;
				CLANG_WARN_DOCUMENTATION_COMMENTS = YES;
				CLANG_WARN_EMPTY_BODY = YES;
				CLANG_WARN_ENUM_CONVERSION = YES;
				CLANG_WARN_INFINITE_RECURSION = YES;
				CLANG_WARN_INT_CONVERSION = YES;
				CLANG_WARN_NON_LITERAL_NULL_CONVERSION = YES;
				CLANG_WARN_OBJC_IMPLICIT_RETAIN_SELF = YES;
				CLANG_WARN_OBJC_LITERAL_CONVERSION = YES;
				CLANG_WARN_OBJC_ROOT_CLASS = YES_ERROR;
				CLANG_WARN_QUOTED_INCLUDE_IN_FRAMEWORK_HEADER = YES;
				CLANG_WARN_RANGE_LOOP_ANALYSIS = YES;
				CLANG_WARN_STRICT_PROTOTYPES = YES;
				CLANG_WARN_SUSPICIOUS_MOVE = YES;
				CLANG_WARN_UNGUARDED_AVAILABILITY = YES_AGGRESSIVE;
				CLANG_WARN_UNREACHABLE_CODE = YES;
				CLANG_WARN__DUPLICATE_METHOD_MATCH = YES;
				COPY_PHASE_STRIP = NO;
				DEBUG_INFORMATION_FORMAT = "dwarf-with-dsym";
				ENABLE_NS_ASSERTIONS = NO;
				ENABLE_STRICT_OBJC_MSGSEND = YES;
				ENABLE_USER_SCRIPT_SANDBOXING = YES;
				GCC_C_LANGUAGE_STANDARD = gnu17;
				GCC_NO_COMMON_BLOCKS = YES;
				GCC_WARN_64_TO_32_BIT_CONVERSION = YES;
				GCC_WARN_ABOUT_RETURN_TYPE = YES_ERROR;
				GCC_WARN_UNDECLARED_SELECTOR = YES;
				GCC_WARN_UNINITIALIZED_AUTOS = YES_AGGRESSIVE;
				GCC_WARN_UNUSED_FUNCTION = YES;
				GCC_WARN_UNUSED_VARIABLE = YES;
				LOCALIZATION_PREFERS_STRING_CATALOGS = YES;
				MTL_ENABLE_DEBUG_INFO = NO;
				MTL_FAST_MATH = YES;
				SWIFT_COMPILATION_MODE = wholemodule;
			};
			name = Release;
		};
		53D57B702D79E2A30094740D /* Debug */ = {
			isa = XCBuildConfiguration;
			buildSettings = {
				ASSETCATALOG_COMPILER_APPICON_NAME = AppIcon;
				ASSETCATALOG_COMPILER_GLOBAL_ACCENT_COLOR_NAME = AccentColor;
				CODE_SIGN_ENTITLEMENTS = Nidus/Nidus.entitlements;
				CODE_SIGN_STYLE = Automatic;
				CURRENT_PROJECT_VERSION = 5;
				DEVELOPMENT_ASSET_PATHS = "\"Nidus/Preview Content\"";
				DEVELOPMENT_TEAM = D392HWX27T;
				ENABLE_PREVIEWS = YES;
				GENERATE_INFOPLIST_FILE = YES;
				INFOPLIST_FILE = "Nidus-Notes-Info.plist";
				INFOPLIST_KEY_LSApplicationCategoryType = "";
				INFOPLIST_KEY_NSLocationWhenInUseUsageDescription = "Nidus saves notes with their location so it can show you notes near your current position.";
				"INFOPLIST_KEY_UIApplicationSceneManifest_Generation[sdk=iphoneos*]" = YES;
				"INFOPLIST_KEY_UIApplicationSceneManifest_Generation[sdk=iphonesimulator*]" = YES;
				"INFOPLIST_KEY_UIApplicationSupportsIndirectInputEvents[sdk=iphoneos*]" = YES;
				"INFOPLIST_KEY_UIApplicationSupportsIndirectInputEvents[sdk=iphonesimulator*]" = YES;
				"INFOPLIST_KEY_UILaunchScreen_Generation[sdk=iphoneos*]" = YES;
				"INFOPLIST_KEY_UILaunchScreen_Generation[sdk=iphonesimulator*]" = YES;
				"INFOPLIST_KEY_UIStatusBarStyle[sdk=iphoneos*]" = UIStatusBarStyleDefault;
				"INFOPLIST_KEY_UIStatusBarStyle[sdk=iphonesimulator*]" = UIStatusBarStyleDefault;
				INFOPLIST_KEY_UISupportedInterfaceOrientations_iPad = "UIInterfaceOrientationPortrait UIInterfaceOrientationPortraitUpsideDown UIInterfaceOrientationLandscapeLeft UIInterfaceOrientationLandscapeRight";
				INFOPLIST_KEY_UISupportedInterfaceOrientations_iPhone = "UIInterfaceOrientationPortrait UIInterfaceOrientationLandscapeLeft UIInterfaceOrientationLandscapeRight";
				IPHONEOS_DEPLOYMENT_TARGET = 18.0;
				LD_RUNPATH_SEARCH_PATHS = "@executable_path/Frameworks";
				"LD_RUNPATH_SEARCH_PATHS[sdk=macosx*]" = "@executable_path/../Frameworks";
				MACOSX_DEPLOYMENT_TARGET = 15.2;
				MARKETING_VERSION = 1.5;
				PRODUCT_BUNDLE_IDENTIFIER = technology.gleipnir.apps.nidus;
				PRODUCT_NAME = "$(TARGET_NAME)";
				SDKROOT = auto;
				SUPPORTED_PLATFORMS = "iphoneos iphonesimulator macosx xros xrsimulator";
				SWIFT_EMIT_LOC_STRINGS = YES;
				SWIFT_VERSION = 5.0;
				TARGETED_DEVICE_FAMILY = "1,2,7";
				XROS_DEPLOYMENT_TARGET = 2.2;
			};
			name = Debug;
		};
		53D57B712D79E2A30094740D /* Release */ = {
			isa = XCBuildConfiguration;
			buildSettings = {
				ASSETCATALOG_COMPILER_APPICON_NAME = AppIcon;
				ASSETCATALOG_COMPILER_GLOBAL_ACCENT_COLOR_NAME = AccentColor;
				CODE_SIGN_ENTITLEMENTS = Nidus/Nidus.entitlements;
				CODE_SIGN_STYLE = Automatic;
				CURRENT_PROJECT_VERSION = 5;
				DEVELOPMENT_ASSET_PATHS = "\"Nidus/Preview Content\"";
				DEVELOPMENT_TEAM = D392HWX27T;
				ENABLE_PREVIEWS = YES;
				GENERATE_INFOPLIST_FILE = YES;
				INFOPLIST_FILE = "Nidus-Notes-Info.plist";
				INFOPLIST_KEY_LSApplicationCategoryType = "";
				INFOPLIST_KEY_NSLocationWhenInUseUsageDescription = "Nidus saves notes with their location so it can show you notes near your current position.";
				"INFOPLIST_KEY_UIApplicationSceneManifest_Generation[sdk=iphoneos*]" = YES;
				"INFOPLIST_KEY_UIApplicationSceneManifest_Generation[sdk=iphonesimulator*]" = YES;
				"INFOPLIST_KEY_UIApplicationSupportsIndirectInputEvents[sdk=iphoneos*]" = YES;
				"INFOPLIST_KEY_UIApplicationSupportsIndirectInputEvents[sdk=iphonesimulator*]" = YES;
				"INFOPLIST_KEY_UILaunchScreen_Generation[sdk=iphoneos*]" = YES;
				"INFOPLIST_KEY_UILaunchScreen_Generation[sdk=iphonesimulator*]" = YES;
				"INFOPLIST_KEY_UIStatusBarStyle[sdk=iphoneos*]" = UIStatusBarStyleDefault;
				"INFOPLIST_KEY_UIStatusBarStyle[sdk=iphonesimulator*]" = UIStatusBarStyleDefault;
				INFOPLIST_KEY_UISupportedInterfaceOrientations_iPad = "UIInterfaceOrientationPortrait UIInterfaceOrientationPortraitUpsideDown UIInterfaceOrientationLandscapeLeft UIInterfaceOrientationLandscapeRight";
				INFOPLIST_KEY_UISupportedInterfaceOrientations_iPhone = "UIInterfaceOrientationPortrait UIInterfaceOrientationLandscapeLeft UIInterfaceOrientationLandscapeRight";
				IPHONEOS_DEPLOYMENT_TARGET = 18.0;
				LD_RUNPATH_SEARCH_PATHS = "@executable_path/Frameworks";
				"LD_RUNPATH_SEARCH_PATHS[sdk=macosx*]" = "@executable_path/../Frameworks";
				MACOSX_DEPLOYMENT_TARGET = 15.2;
				MARKETING_VERSION = 1.5;
				PRODUCT_BUNDLE_IDENTIFIER = technology.gleipnir.apps.nidus;
				PRODUCT_NAME = "$(TARGET_NAME)";
				SDKROOT = auto;
				SUPPORTED_PLATFORMS = "iphoneos iphonesimulator macosx xros xrsimulator";
				SWIFT_EMIT_LOC_STRINGS = YES;
				SWIFT_VERSION = 5.0;
				TARGETED_DEVICE_FAMILY = "1,2,7";
				XROS_DEPLOYMENT_TARGET = 2.2;
			};
			name = Release;
		};
		53D57B732D79E2A30094740D /* Debug */ = {
			isa = XCBuildConfiguration;
			buildSettings = {
				BUNDLE_LOADER = "$(TEST_HOST)";
				CODE_SIGN_STYLE = Automatic;
				CURRENT_PROJECT_VERSION = 1;
				GENERATE_INFOPLIST_FILE = YES;
				IPHONEOS_DEPLOYMENT_TARGET = 18.2;
				MACOSX_DEPLOYMENT_TARGET = 15.2;
				MARKETING_VERSION = 1.0;
				PRODUCT_BUNDLE_IDENTIFIER = technology.gleipnir.NidusTests;
				PRODUCT_NAME = "$(TARGET_NAME)";
				SDKROOT = auto;
				SUPPORTED_PLATFORMS = "iphoneos iphonesimulator macosx xros xrsimulator";
				SWIFT_EMIT_LOC_STRINGS = NO;
				SWIFT_VERSION = 5.0;
				TARGETED_DEVICE_FAMILY = "1,2,7";
				TEST_HOST = "$(BUILT_PRODUCTS_DIR)/Nidus Notes.app/$(BUNDLE_EXECUTABLE_FOLDER_PATH)/Nidus Notes";
				XROS_DEPLOYMENT_TARGET = 2.2;
			};
			name = Debug;
		};
		53D57B742D79E2A30094740D /* Release */ = {
			isa = XCBuildConfiguration;
			buildSettings = {
				BUNDLE_LOADER = "$(TEST_HOST)";
				CODE_SIGN_STYLE = Automatic;
				CURRENT_PROJECT_VERSION = 1;
				GENERATE_INFOPLIST_FILE = YES;
				IPHONEOS_DEPLOYMENT_TARGET = 18.2;
				MACOSX_DEPLOYMENT_TARGET = 15.2;
				MARKETING_VERSION = 1.0;
				PRODUCT_BUNDLE_IDENTIFIER = technology.gleipnir.NidusTests;
				PRODUCT_NAME = "$(TARGET_NAME)";
				SDKROOT = auto;
				SUPPORTED_PLATFORMS = "iphoneos iphonesimulator macosx xros xrsimulator";
				SWIFT_EMIT_LOC_STRINGS = NO;
				SWIFT_VERSION = 5.0;
				TARGETED_DEVICE_FAMILY = "1,2,7";
				TEST_HOST = "$(BUILT_PRODUCTS_DIR)/Nidus Notes.app/$(BUNDLE_EXECUTABLE_FOLDER_PATH)/Nidus Notes";
				XROS_DEPLOYMENT_TARGET = 2.2;
			};
			name = Release;
		};
		53D57B762D79E2A30094740D /* Debug */ = {
			isa = XCBuildConfiguration;
			buildSettings = {
				CODE_SIGN_STYLE = Automatic;
				CURRENT_PROJECT_VERSION = 1;
				GENERATE_INFOPLIST_FILE = YES;
				IPHONEOS_DEPLOYMENT_TARGET = 18.2;
				MACOSX_DEPLOYMENT_TARGET = 15.2;
				MARKETING_VERSION = 1.0;
				PRODUCT_BUNDLE_IDENTIFIER = technology.gleipnir.NidusUITests;
				PRODUCT_NAME = "$(TARGET_NAME)";
				SDKROOT = auto;
				SUPPORTED_PLATFORMS = "iphoneos iphonesimulator macosx xros xrsimulator";
				SWIFT_EMIT_LOC_STRINGS = NO;
				SWIFT_VERSION = 5.0;
				TARGETED_DEVICE_FAMILY = "1,2,7";
				TEST_TARGET_NAME = Nidus;
				XROS_DEPLOYMENT_TARGET = 2.2;
			};
			name = Debug;
		};
		53D57B772D79E2A30094740D /* Release */ = {
			isa = XCBuildConfiguration;
			buildSettings = {
				CODE_SIGN_STYLE = Automatic;
				CURRENT_PROJECT_VERSION = 1;
				GENERATE_INFOPLIST_FILE = YES;
				IPHONEOS_DEPLOYMENT_TARGET = 18.2;
				MACOSX_DEPLOYMENT_TARGET = 15.2;
				MARKETING_VERSION = 1.0;
				PRODUCT_BUNDLE_IDENTIFIER = technology.gleipnir.NidusUITests;
				PRODUCT_NAME = "$(TARGET_NAME)";
				SDKROOT = auto;
				SUPPORTED_PLATFORMS = "iphoneos iphonesimulator macosx xros xrsimulator";
				SWIFT_EMIT_LOC_STRINGS = NO;
				SWIFT_VERSION = 5.0;
				TARGETED_DEVICE_FAMILY = "1,2,7";
				TEST_TARGET_NAME = Nidus;
				XROS_DEPLOYMENT_TARGET = 2.2;
			};
			name = Release;
		};
/* End XCBuildConfiguration section */

/* Begin XCConfigurationList section */
		53D57B452D79E2A20094740D /* Build configuration list for PBXProject "Nidus Notes" */ = {
			isa = XCConfigurationList;
			buildConfigurations = (
				53D57B6D2D79E2A30094740D /* Debug */,
				53D57B6E2D79E2A30094740D /* Release */,
			);
			defaultConfigurationIsVisible = 0;
			defaultConfigurationName = Release;
		};
		53D57B6F2D79E2A30094740D /* Build configuration list for PBXNativeTarget "Nidus Notes" */ = {
			isa = XCConfigurationList;
			buildConfigurations = (
				53D57B702D79E2A30094740D /* Debug */,
				53D57B712D79E2A30094740D /* Release */,
			);
			defaultConfigurationIsVisible = 0;
			defaultConfigurationName = Release;
		};
		53D57B722D79E2A30094740D /* Build configuration list for PBXNativeTarget "Nidus NotesTests" */ = {
			isa = XCConfigurationList;
			buildConfigurations = (
				53D57B732D79E2A30094740D /* Debug */,
				53D57B742D79E2A30094740D /* Release */,
			);
			defaultConfigurationIsVisible = 0;
			defaultConfigurationName = Release;
		};
		53D57B752D79E2A30094740D /* Build configuration list for PBXNativeTarget "Nidus NotesUITests" */ = {
			isa = XCConfigurationList;
			buildConfigurations = (
				53D57B762D79E2A30094740D /* Debug */,
				53D57B772D79E2A30094740D /* Release */,
			);
			defaultConfigurationIsVisible = 0;
			defaultConfigurationName = Release;
		};
/* End XCConfigurationList section */

/* Begin XCRemoteSwiftPackageReference section */
		532F3AE32DEB66C5006E0E40 /* XCRemoteSwiftPackageReference "automerge-swift" */ = {
			isa = XCRemoteSwiftPackageReference;
			repositoryURL = "https://github.com/automerge/automerge-swift.git";
			requirement = {
				kind = upToNextMajorVersion;
				minimumVersion = 0.6.1;
			};
		};
		532F3AE62DEB6765006E0E40 /* XCRemoteSwiftPackageReference "automerge-repo-swift" */ = {
			isa = XCRemoteSwiftPackageReference;
			repositoryURL = "https://github.com/automerge/automerge-repo-swift.git";
			requirement = {
				kind = upToNextMajorVersion;
				minimumVersion = 0.3.2;
			};
		};
		532F3AE92DEB68C7006E0E40 /* XCRemoteSwiftPackageReference "SQLite.swift" */ = {
			isa = XCRemoteSwiftPackageReference;
			repositoryURL = "https://github.com/stephencelis/SQLite.swift.git";
			requirement = {
				kind = upToNextMajorVersion;
				minimumVersion = 0.15.3;
			};
		};
		532F3AF32DECAE26006E0E40 /* XCRemoteSwiftPackageReference "ClusterMap" */ = {
			isa = XCRemoteSwiftPackageReference;
			repositoryURL = "https://github.com/vospennikov/ClusterMap";
			requirement = {
				kind = upToNextMajorVersion;
				minimumVersion = 2.1.1;
			};
		};
/* End XCRemoteSwiftPackageReference section */

/* Begin XCSwiftPackageProductDependency section */
		532F3AE42DEB66C5006E0E40 /* Automerge */ = {
			isa = XCSwiftPackageProductDependency;
			package = 532F3AE32DEB66C5006E0E40 /* XCRemoteSwiftPackageReference "automerge-swift" */;
			productName = Automerge;
		};
		532F3AE72DEB6765006E0E40 /* AutomergeRepo */ = {
			isa = XCSwiftPackageProductDependency;
			package = 532F3AE62DEB6765006E0E40 /* XCRemoteSwiftPackageReference "automerge-repo-swift" */;
			productName = AutomergeRepo;
		};
		532F3AEA2DEB68C7006E0E40 /* SQLite */ = {
			isa = XCSwiftPackageProductDependency;
			package = 532F3AE92DEB68C7006E0E40 /* XCRemoteSwiftPackageReference "SQLite.swift" */;
			productName = SQLite;
		};
		532F3AF42DECAE26006E0E40 /* ClusterMap */ = {
			isa = XCSwiftPackageProductDependency;
			package = 532F3AF32DECAE26006E0E40 /* XCRemoteSwiftPackageReference "ClusterMap" */;
			productName = ClusterMap;
		};
		532F3AF62DECAE26006E0E40 /* ClusterMapSwiftUI */ = {
			isa = XCSwiftPackageProductDependency;
			package = 532F3AF32DECAE26006E0E40 /* XCRemoteSwiftPackageReference "ClusterMap" */;
			productName = ClusterMapSwiftUI;
		};
/* End XCSwiftPackageProductDependency section */
	};
	rootObject = 53D57B422D79E2A20094740D /* Project object */;
}
